
Microsoft Visual Studio Solution File, Format Version 12.00
# Visual Studio 15
VisualStudioVersion = 15.0.28010.2026
MinimumVisualStudioVersion = 10.0.40219.1
Project("{FAE04EC0-301F-11D3-BF4B-00C04F79EFBC}") = "ActorStudio", "ActorStudio\ActorStudio.csproj", "{5B37E4C0-1A44-4872-A7F6-921490CD3D8F}"
EndProject
Global
	GlobalSection(SolutionConfigurationPlatforms) = preSolution
		Debug|Any CPU = Debug|Any CPU
		Release|Any CPU = Release|Any CPU
	EndGlobalSection
	GlobalSection(ProjectConfigurationPlatforms) = postSolution
		{5B37E4C0-1A44-4872-A7F6-921490CD3D8F}.Debug|Any CPU.ActiveCfg = Debug|Any CPU
		{5B37E4C0-1A44-4872-A7F6-921490CD3D8F}.Debug|Any CPU.Build.0 = Debug|Any CPU
		{5B37E4C0-1A44-4872-A7F6-921490CD3D8F}.Release|Any CPU.ActiveCfg = Release|Any CPU
		{5B37E4C0-1A44-4872-A7F6-921490CD3D8F}.Release|Any CPU.Build.0 = Release|Any CPU
	EndGlobalSection
	GlobalSection(SolutionProperties) = preSolution
		HideSolutionNode = FALSE
	EndGlobalSection
	GlobalSection(ExtensibilityGlobals) = postSolution
		SolutionGuid = {BFDA0BE6-AE52-44D1-B59E-A0A9B70AB7A5}
	EndGlobalSection
EndGlobal
